// !$*UTF8*$!
{
	archiveVersion = 1;
	classes = {
	};
	objectVersion = 46;
	objects = {

/* Begin PBXBuildFile section */
		F3995E831C0D1C0200CE7989 /* LoginScreen.swift in Sources */ = {isa = PBXBuildFile; fileRef = F3995E821C0D1C0200CE7989 /* LoginScreen.swift */; };
		F3995E851C0D1E5800CE7989 /* TeacherHome.swift in Sources */ = {isa = PBXBuildFile; fileRef = F3995E841C0D1E5800CE7989 /* TeacherHome.swift */; };
		F3995E871C0D23F800CE7989 /* ActivityFeedCell.xib in Resources */ = {isa = PBXBuildFile; fileRef = F3995E861C0D23F800CE7989 /* ActivityFeedCell.xib */; };
		F3995E891C0D243200CE7989 /* ActivityTableViewCell.swift in Sources */ = {isa = PBXBuildFile; fileRef = F3995E881C0D243200CE7989 /* ActivityTableViewCell.swift */; };
		F3995E8D1C0D4CFC00CE7989 /* TasksTabController.swift in Sources */ = {isa = PBXBuildFile; fileRef = F3995E8C1C0D4CFC00CE7989 /* TasksTabController.swift */; };
		F3995E8F1C0D4D9000CE7989 /* MyAssignedView.swift in Sources */ = {isa = PBXBuildFile; fileRef = F3995E8E1C0D4D9000CE7989 /* MyAssignedView.swift */; };
		F3995E911C0D4DC700CE7989 /* NewTasksView.swift in Sources */ = {isa = PBXBuildFile; fileRef = F3995E901C0D4DC700CE7989 /* NewTasksView.swift */; };
		F3995E931C0D4DEC00CE7989 /* CreateView.swift in Sources */ = {isa = PBXBuildFile; fileRef = F3995E921C0D4DEC00CE7989 /* CreateView.swift */; };
		F3995E951C0D4F5F00CE7989 /* MyAssignedCell.xib in Resources */ = {isa = PBXBuildFile; fileRef = F3995E941C0D4F5F00CE7989 /* MyAssignedCell.xib */; };
		F3995E971C0D504700CE7989 /* AssignedTaskCell.swift in Sources */ = {isa = PBXBuildFile; fileRef = F3995E961C0D504700CE7989 /* AssignedTaskCell.swift */; };
		F3DD90921BFD28E700F3D4E4 /* AppDelegate.swift in Sources */ = {isa = PBXBuildFile; fileRef = F3DD90911BFD28E700F3D4E4 /* AppDelegate.swift */; };
		F3DD90941BFD28E700F3D4E4 /* ViewController.swift in Sources */ = {isa = PBXBuildFile; fileRef = F3DD90931BFD28E700F3D4E4 /* ViewController.swift */; };
		F3DD90971BFD28E700F3D4E4 /* Main.storyboard in Resources */ = {isa = PBXBuildFile; fileRef = F3DD90951BFD28E700F3D4E4 /* Main.storyboard */; };
		F3DD909A1BFD28E700F3D4E4 /* LearnUp2.xcdatamodeld in Sources */ = {isa = PBXBuildFile; fileRef = F3DD90981BFD28E700F3D4E4 /* LearnUp2.xcdatamodeld */; };
		F3DD909C1BFD28E700F3D4E4 /* Assets.xcassets in Resources */ = {isa = PBXBuildFile; fileRef = F3DD909B1BFD28E700F3D4E4 /* Assets.xcassets */; };
		F3DD909F1BFD28E700F3D4E4 /* LaunchScreen.storyboard in Resources */ = {isa = PBXBuildFile; fileRef = F3DD909D1BFD28E700F3D4E4 /* LaunchScreen.storyboard */; };
		F3DD90AA1BFD28E700F3D4E4 /* LearnUp2Tests.swift in Sources */ = {isa = PBXBuildFile; fileRef = F3DD90A91BFD28E700F3D4E4 /* LearnUp2Tests.swift */; };
		F3DD90B51BFD28E700F3D4E4 /* LearnUp2UITests.swift in Sources */ = {isa = PBXBuildFile; fileRef = F3DD90B41BFD28E700F3D4E4 /* LearnUp2UITests.swift */; };
		F3DD90C31BFD4C0300F3D4E4 /* starry-sky-of-bretagne.jpg in Resources */ = {isa = PBXBuildFile; fileRef = F3DD90C21BFD4C0300F3D4E4 /* starry-sky-of-bretagne.jpg */; };
		F3DD90C51BFD4DF800F3D4E4 /* FEZ-04-512.png in Resources */ = {isa = PBXBuildFile; fileRef = F3DD90C41BFD4DF800F3D4E4 /* FEZ-04-512.png */; };
		F3DD90C71BFD4E0500F3D4E4 /* Earth.png in Resources */ = {isa = PBXBuildFile; fileRef = F3DD90C61BFD4E0500F3D4E4 /* Earth.png */; };
		F3DD90C91BFD4F5D00F3D4E4 /* Terra_globe_icon.png in Resources */ = {isa = PBXBuildFile; fileRef = F3DD90C81BFD4F5D00F3D4E4 /* Terra_globe_icon.png */; };
		F3DD90CB1BFD567500F3D4E4 /* Picture1.png in Resources */ = {isa = PBXBuildFile; fileRef = F3DD90CA1BFD567500F3D4E4 /* Picture1.png */; };
		F3DD90CD1BFD58F400F3D4E4 /* earthicon.png in Resources */ = {isa = PBXBuildFile; fileRef = F3DD90CC1BFD58F400F3D4E4 /* earthicon.png */; };
		F3DD90CF1BFDB66D00F3D4E4 /* Beta_Team_Solar_System_Neptune.png in Resources */ = {isa = PBXBuildFile; fileRef = F3DD90CE1BFDB66D00F3D4E4 /* Beta_Team_Solar_System_Neptune.png */; };
		F3DD90D11BFDBA2200F3D4E4 /* MyTasks.swift in Sources */ = {isa = PBXBuildFile; fileRef = F3DD90D01BFDBA2200F3D4E4 /* MyTasks.swift */; };
		F3DD90D31BFDBD6C00F3D4E4 /* light-blue-circle-hi.png in Resources */ = {isa = PBXBuildFile; fileRef = F3DD90D21BFDBD6C00F3D4E4 /* light-blue-circle-hi.png */; };
		F3DD90D51BFDBDF100F3D4E4 /* white-circle-md.png in Resources */ = {isa = PBXBuildFile; fileRef = F3DD90D41BFDBDF100F3D4E4 /* white-circle-md.png */; };
		F3DD90D71BFDBE6A00F3D4E4 /* TaskView.swift in Sources */ = {isa = PBXBuildFile; fileRef = F3DD90D61BFDBE6A00F3D4E4 /* TaskView.swift */; };
		F3DD90D91BFDC1CE00F3D4E4 /* planetsurface.png in Resources */ = {isa = PBXBuildFile; fileRef = F3DD90D81BFDC1CE00F3D4E4 /* planetsurface.png */; };
		F3DD90DB1BFDC65B00F3D4E4 /* _coins_stacks-256.png in Resources */ = {isa = PBXBuildFile; fileRef = F3DD90DA1BFDC65B00F3D4E4 /* _coins_stacks-256.png */; };
		F3DD90DD1BFDCCBF00F3D4E4 /* CompleteTask.swift in Sources */ = {isa = PBXBuildFile; fileRef = F3DD90DC1BFDCCBF00F3D4E4 /* CompleteTask.swift */; };
		F3DD90DF1BFE9D6300F3D4E4 /* camera.png in Resources */ = {isa = PBXBuildFile; fileRef = F3DD90DE1BFE9D6300F3D4E4 /* camera.png */; };
		F3DD90E11BFEA3D700F3D4E4 /* RocketScreen.swift in Sources */ = {isa = PBXBuildFile; fileRef = F3DD90E01BFEA3D700F3D4E4 /* RocketScreen.swift */; };
		F3DD90E31BFEA4ED00F3D4E4 /* rocket.png in Resources */ = {isa = PBXBuildFile; fileRef = F3DD90E21BFEA4ED00F3D4E4 /* rocket.png */; };
		F3DD90E51BFEA95400F3D4E4 /* HomeButton.swift in Sources */ = {isa = PBXBuildFile; fileRef = F3DD90E41BFEA95400F3D4E4 /* HomeButton.swift */; };
		F3F9D8AE1C043E3600FBAFE2 /* settings.png in Resources */ = {isa = PBXBuildFile; fileRef = F3F9D8AD1C043E3600FBAFE2 /* settings.png */; };
		F3F9D8B01C043F7400FBAFE2 /* earthbutton.png in Resources */ = {isa = PBXBuildFile; fileRef = F3F9D8AF1C043F7400FBAFE2 /* earthbutton.png */; };
		F3F9D8B21C04563500FBAFE2 /* HomeScreen.swift in Sources */ = {isa = PBXBuildFile; fileRef = F3F9D8B11C04563500FBAFE2 /* HomeScreen.swift */; };
/* End PBXBuildFile section */

/* Begin PBXContainerItemProxy section */
		F3DD90A61BFD28E700F3D4E4 /* PBXContainerItemProxy */ = {
			isa = PBXContainerItemProxy;
			containerPortal = F3DD90861BFD28E700F3D4E4 /* Project object */;
			proxyType = 1;
			remoteGlobalIDString = F3DD908D1BFD28E700F3D4E4;
			remoteInfo = LearnUp2;
		};
		F3DD90B11BFD28E700F3D4E4 /* PBXContainerItemProxy */ = {
			isa = PBXContainerItemProxy;
			containerPortal = F3DD90861BFD28E700F3D4E4 /* Project object */;
			proxyType = 1;
			remoteGlobalIDString = F3DD908D1BFD28E700F3D4E4;
			remoteInfo = LearnUp2;
		};
/* End PBXContainerItemProxy section */

/* Begin PBXFileReference section */
		F3995E821C0D1C0200CE7989 /* LoginScreen.swift */ = {isa = PBXFileReference; fileEncoding = 4; lastKnownFileType = sourcecode.swift; path = LoginScreen.swift; sourceTree = "<group>"; };
		F3995E841C0D1E5800CE7989 /* TeacherHome.swift */ = {isa = PBXFileReference; fileEncoding = 4; lastKnownFileType = sourcecode.swift; path = TeacherHome.swift; sourceTree = "<group>"; };
		F3995E861C0D23F800CE7989 /* ActivityFeedCell.xib */ = {isa = PBXFileReference; fileEncoding = 4; lastKnownFileType = file.xib; path = ActivityFeedCell.xib; sourceTree = "<group>"; };
		F3995E881C0D243200CE7989 /* ActivityTableViewCell.swift */ = {isa = PBXFileReference; fileEncoding = 4; lastKnownFileType = sourcecode.swift; path = ActivityTableViewCell.swift; sourceTree = "<group>"; };
		F3995E8C1C0D4CFC00CE7989 /* TasksTabController.swift */ = {isa = PBXFileReference; fileEncoding = 4; lastKnownFileType = sourcecode.swift; path = TasksTabController.swift; sourceTree = "<group>"; };
		F3995E8E1C0D4D9000CE7989 /* MyAssignedView.swift */ = {isa = PBXFileReference; fileEncoding = 4; lastKnownFileType = sourcecode.swift; path = MyAssignedView.swift; sourceTree = "<group>"; };
		F3995E901C0D4DC700CE7989 /* NewTasksView.swift */ = {isa = PBXFileReference; fileEncoding = 4; lastKnownFileType = sourcecode.swift; path = NewTasksView.swift; sourceTree = "<group>"; };
		F3995E921C0D4DEC00CE7989 /* CreateView.swift */ = {isa = PBXFileReference; fileEncoding = 4; lastKnownFileType = sourcecode.swift; path = CreateView.swift; sourceTree = "<group>"; };
		F3995E941C0D4F5F00CE7989 /* MyAssignedCell.xib */ = {isa = PBXFileReference; fileEncoding = 4; lastKnownFileType = file.xib; path = MyAssignedCell.xib; sourceTree = "<group>"; };
		F3995E961C0D504700CE7989 /* AssignedTaskCell.swift */ = {isa = PBXFileReference; fileEncoding = 4; lastKnownFileType = sourcecode.swift; path = AssignedTaskCell.swift; sourceTree = "<group>"; };
		F3DD908E1BFD28E700F3D4E4 /* LearnUp2.app */ = {isa = PBXFileReference; explicitFileType = wrapper.application; includeInIndex = 0; path = LearnUp2.app; sourceTree = BUILT_PRODUCTS_DIR; };
		F3DD90911BFD28E700F3D4E4 /* AppDelegate.swift */ = {isa = PBXFileReference; lastKnownFileType = sourcecode.swift; path = AppDelegate.swift; sourceTree = "<group>"; };
		F3DD90931BFD28E700F3D4E4 /* ViewController.swift */ = {isa = PBXFileReference; lastKnownFileType = sourcecode.swift; path = ViewController.swift; sourceTree = "<group>"; };
		F3DD90961BFD28E700F3D4E4 /* Base */ = {isa = PBXFileReference; lastKnownFileType = file.storyboard; name = Base; path = Base.lproj/Main.storyboard; sourceTree = "<group>"; };
		F3DD90991BFD28E700F3D4E4 /* LearnUp2.xcdatamodel */ = {isa = PBXFileReference; lastKnownFileType = wrapper.xcdatamodel; path = LearnUp2.xcdatamodel; sourceTree = "<group>"; };
		F3DD909B1BFD28E700F3D4E4 /* Assets.xcassets */ = {isa = PBXFileReference; lastKnownFileType = folder.assetcatalog; path = Assets.xcassets; sourceTree = "<group>"; };
		F3DD909E1BFD28E700F3D4E4 /* Base */ = {isa = PBXFileReference; lastKnownFileType = file.storyboard; name = Base; path = Base.lproj/LaunchScreen.storyboard; sourceTree = "<group>"; };
		F3DD90A01BFD28E700F3D4E4 /* Info.plist */ = {isa = PBXFileReference; lastKnownFileType = text.plist.xml; path = Info.plist; sourceTree = "<group>"; };
		F3DD90A51BFD28E700F3D4E4 /* LearnUp2Tests.xctest */ = {isa = PBXFileReference; explicitFileType = wrapper.cfbundle; includeInIndex = 0; path = LearnUp2Tests.xctest; sourceTree = BUILT_PRODUCTS_DIR; };
		F3DD90A91BFD28E700F3D4E4 /* LearnUp2Tests.swift */ = {isa = PBXFileReference; lastKnownFileType = sourcecode.swift; path = LearnUp2Tests.swift; sourceTree = "<group>"; };
		F3DD90AB1BFD28E700F3D4E4 /* Info.plist */ = {isa = PBXFileReference; lastKnownFileType = text.plist.xml; path = Info.plist; sourceTree = "<group>"; };
		F3DD90B01BFD28E700F3D4E4 /* LearnUp2UITests.xctest */ = {isa = PBXFileReference; explicitFileType = wrapper.cfbundle; includeInIndex = 0; path = LearnUp2UITests.xctest; sourceTree = BUILT_PRODUCTS_DIR; };
		F3DD90B41BFD28E700F3D4E4 /* LearnUp2UITests.swift */ = {isa = PBXFileReference; lastKnownFileType = sourcecode.swift; path = LearnUp2UITests.swift; sourceTree = "<group>"; };
		F3DD90B61BFD28E700F3D4E4 /* Info.plist */ = {isa = PBXFileReference; lastKnownFileType = text.plist.xml; path = Info.plist; sourceTree = "<group>"; };
		F3DD90C21BFD4C0300F3D4E4 /* starry-sky-of-bretagne.jpg */ = {isa = PBXFileReference; lastKnownFileType = image.jpeg; path = "starry-sky-of-bretagne.jpg"; sourceTree = "<group>"; };
		F3DD90C41BFD4DF800F3D4E4 /* FEZ-04-512.png */ = {isa = PBXFileReference; lastKnownFileType = image.png; path = "FEZ-04-512.png"; sourceTree = "<group>"; };
		F3DD90C61BFD4E0500F3D4E4 /* Earth.png */ = {isa = PBXFileReference; lastKnownFileType = image.png; path = Earth.png; sourceTree = "<group>"; };
		F3DD90C81BFD4F5D00F3D4E4 /* Terra_globe_icon.png */ = {isa = PBXFileReference; lastKnownFileType = image.png; path = Terra_globe_icon.png; sourceTree = "<group>"; };
		F3DD90CA1BFD567500F3D4E4 /* Picture1.png */ = {isa = PBXFileReference; lastKnownFileType = image.png; path = Picture1.png; sourceTree = "<group>"; };
		F3DD90CC1BFD58F400F3D4E4 /* earthicon.png */ = {isa = PBXFileReference; lastKnownFileType = image.png; path = earthicon.png; sourceTree = "<group>"; };
		F3DD90CE1BFDB66D00F3D4E4 /* Beta_Team_Solar_System_Neptune.png */ = {isa = PBXFileReference; lastKnownFileType = image.png; path = Beta_Team_Solar_System_Neptune.png; sourceTree = "<group>"; };
		F3DD90D01BFDBA2200F3D4E4 /* MyTasks.swift */ = {isa = PBXFileReference; fileEncoding = 4; lastKnownFileType = sourcecode.swift; path = MyTasks.swift; sourceTree = "<group>"; };
		F3DD90D21BFDBD6C00F3D4E4 /* light-blue-circle-hi.png */ = {isa = PBXFileReference; lastKnownFileType = image.png; path = "light-blue-circle-hi.png"; sourceTree = "<group>"; };
		F3DD90D41BFDBDF100F3D4E4 /* white-circle-md.png */ = {isa = PBXFileReference; lastKnownFileType = image.png; path = "white-circle-md.png"; sourceTree = "<group>"; };
		F3DD90D61BFDBE6A00F3D4E4 /* TaskView.swift */ = {isa = PBXFileReference; fileEncoding = 4; lastKnownFileType = sourcecode.swift; path = TaskView.swift; sourceTree = "<group>"; };
		F3DD90D81BFDC1CE00F3D4E4 /* planetsurface.png */ = {isa = PBXFileReference; lastKnownFileType = image.png; path = planetsurface.png; sourceTree = "<group>"; };
		F3DD90DA1BFDC65B00F3D4E4 /* _coins_stacks-256.png */ = {isa = PBXFileReference; lastKnownFileType = image.png; path = "_coins_stacks-256.png"; sourceTree = "<group>"; };
		F3DD90DC1BFDCCBF00F3D4E4 /* CompleteTask.swift */ = {isa = PBXFileReference; fileEncoding = 4; lastKnownFileType = sourcecode.swift; path = CompleteTask.swift; sourceTree = "<group>"; };
		F3DD90DE1BFE9D6300F3D4E4 /* camera.png */ = {isa = PBXFileReference; lastKnownFileType = image.png; path = camera.png; sourceTree = "<group>"; };
		F3DD90E01BFEA3D700F3D4E4 /* RocketScreen.swift */ = {isa = PBXFileReference; fileEncoding = 4; lastKnownFileType = sourcecode.swift; path = RocketScreen.swift; sourceTree = "<group>"; };
		F3DD90E21BFEA4ED00F3D4E4 /* rocket.png */ = {isa = PBXFileReference; lastKnownFileType = image.png; path = rocket.png; sourceTree = "<group>"; };
		F3DD90E41BFEA95400F3D4E4 /* HomeButton.swift */ = {isa = PBXFileReference; fileEncoding = 4; lastKnownFileType = sourcecode.swift; path = HomeButton.swift; sourceTree = "<group>"; };
		F3F9D8AD1C043E3600FBAFE2 /* settings.png */ = {isa = PBXFileReference; lastKnownFileType = image.png; path = settings.png; sourceTree = "<group>"; };
		F3F9D8AF1C043F7400FBAFE2 /* earthbutton.png */ = {isa = PBXFileReference; lastKnownFileType = image.png; path = earthbutton.png; sourceTree = "<group>"; };
		F3F9D8B11C04563500FBAFE2 /* HomeScreen.swift */ = {isa = PBXFileReference; fileEncoding = 4; lastKnownFileType = sourcecode.swift; path = HomeScreen.swift; sourceTree = "<group>"; };
/* End PBXFileReference section */

/* Begin PBXFrameworksBuildPhase section */
		F3DD908B1BFD28E700F3D4E4 /* Frameworks */ = {
			isa = PBXFrameworksBuildPhase;
			buildActionMask = 2147483647;
			files = (
			);
			runOnlyForDeploymentPostprocessing = 0;
		};
		F3DD90A21BFD28E700F3D4E4 /* Frameworks */ = {
			isa = PBXFrameworksBuildPhase;
			buildActionMask = 2147483647;
			files = (
			);
			runOnlyForDeploymentPostprocessing = 0;
		};
		F3DD90AD1BFD28E700F3D4E4 /* Frameworks */ = {
			isa = PBXFrameworksBuildPhase;
			buildActionMask = 2147483647;
			files = (
			);
			runOnlyForDeploymentPostprocessing = 0;
		};
/* End PBXFrameworksBuildPhase section */

/* Begin PBXGroup section */
		F3995E801C0D130500CE7989 /* Images */ = {
			isa = PBXGroup;
			children = (
				F3F9D8AF1C043F7400FBAFE2 /* earthbutton.png */,
				F3DD90E21BFEA4ED00F3D4E4 /* rocket.png */,
				F3DD90DA1BFDC65B00F3D4E4 /* _coins_stacks-256.png */,
				F3DD90D81BFDC1CE00F3D4E4 /* planetsurface.png */,
				F3DD90DE1BFE9D6300F3D4E4 /* camera.png */,
				F3DD90D41BFDBDF100F3D4E4 /* white-circle-md.png */,
				F3DD90CE1BFDB66D00F3D4E4 /* Beta_Team_Solar_System_Neptune.png */,
				F3DD90D21BFDBD6C00F3D4E4 /* light-blue-circle-hi.png */,
				F3DD90CA1BFD567500F3D4E4 /* Picture1.png */,
				F3DD90CC1BFD58F400F3D4E4 /* earthicon.png */,
				F3F9D8AD1C043E3600FBAFE2 /* settings.png */,
				F3DD90C41BFD4DF800F3D4E4 /* FEZ-04-512.png */,
				F3DD90C81BFD4F5D00F3D4E4 /* Terra_globe_icon.png */,
				F3DD90C61BFD4E0500F3D4E4 /* Earth.png */,
				F3DD90C21BFD4C0300F3D4E4 /* starry-sky-of-bretagne.jpg */,
			);
			name = Images;
			sourceTree = "<group>";
		};
		F3995E811C0D131B00CE7989 /* View Controllers */ = {
			isa = PBXGroup;
			children = (
				F3DD90911BFD28E700F3D4E4 /* AppDelegate.swift */,
				F3DD90931BFD28E700F3D4E4 /* ViewController.swift */,
				F3F9D8B11C04563500FBAFE2 /* HomeScreen.swift */,
				F3DD90D01BFDBA2200F3D4E4 /* MyTasks.swift */,
				F3DD90D61BFDBE6A00F3D4E4 /* TaskView.swift */,
				F3DD90E01BFEA3D700F3D4E4 /* RocketScreen.swift */,
				F3DD90DC1BFDCCBF00F3D4E4 /* CompleteTask.swift */,
				F3995E821C0D1C0200CE7989 /* LoginScreen.swift */,
				F3995E8C1C0D4CFC00CE7989 /* TasksTabController.swift */,
				F3995E8E1C0D4D9000CE7989 /* MyAssignedView.swift */,
				F3995E901C0D4DC700CE7989 /* NewTasksView.swift */,
				F3995E921C0D4DEC00CE7989 /* CreateView.swift */,
				F3995E841C0D1E5800CE7989 /* TeacherHome.swift */,
			);
			name = "View Controllers";
			sourceTree = "<group>";
		};
		F3DD90851BFD28E700F3D4E4 = {
			isa = PBXGroup;
			children = (
				F3DD90901BFD28E700F3D4E4 /* LearnUp2 */,
				F3DD90A81BFD28E700F3D4E4 /* LearnUp2Tests */,
				F3DD90B31BFD28E700F3D4E4 /* LearnUp2UITests */,
				F3DD908F1BFD28E700F3D4E4 /* Products */,
			);
			sourceTree = "<group>";
		};
		F3DD908F1BFD28E700F3D4E4 /* Products */ = {
			isa = PBXGroup;
			children = (
				F3DD908E1BFD28E700F3D4E4 /* LearnUp2.app */,
				F3DD90A51BFD28E700F3D4E4 /* LearnUp2Tests.xctest */,
				F3DD90B01BFD28E700F3D4E4 /* LearnUp2UITests.xctest */,
			);
			name = Products;
			sourceTree = "<group>";
		};
		F3DD90901BFD28E700F3D4E4 /* LearnUp2 */ = {
			isa = PBXGroup;
			children = (
				F3995E811C0D131B00CE7989 /* View Controllers */,
				F3DD90951BFD28E700F3D4E4 /* Main.storyboard */,
				F3995E941C0D4F5F00CE7989 /* MyAssignedCell.xib */,
				F3995E861C0D23F800CE7989 /* ActivityFeedCell.xib */,
				F3995E881C0D243200CE7989 /* ActivityTableViewCell.swift */,
				F3995E961C0D504700CE7989 /* AssignedTaskCell.swift */,
				F3DD90E41BFEA95400F3D4E4 /* HomeButton.swift */,
				F3995E801C0D130500CE7989 /* Images */,
				F3DD909B1BFD28E700F3D4E4 /* Assets.xcassets */,
				F3DD909D1BFD28E700F3D4E4 /* LaunchScreen.storyboard */,
				F3DD90A01BFD28E700F3D4E4 /* Info.plist */,
				F3DD90981BFD28E700F3D4E4 /* LearnUp2.xcdatamodeld */,
			);
			path = LearnUp2;
			sourceTree = "<group>";
		};
		F3DD90A81BFD28E700F3D4E4 /* LearnUp2Tests */ = {
			isa = PBXGroup;
			children = (
				F3DD90A91BFD28E700F3D4E4 /* LearnUp2Tests.swift */,
				F3DD90AB1BFD28E700F3D4E4 /* Info.plist */,
			);
			path = LearnUp2Tests;
			sourceTree = "<group>";
		};
		F3DD90B31BFD28E700F3D4E4 /* LearnUp2UITests */ = {
			isa = PBXGroup;
			children = (
				F3DD90B41BFD28E700F3D4E4 /* LearnUp2UITests.swift */,
				F3DD90B61BFD28E700F3D4E4 /* Info.plist */,
			);
			path = LearnUp2UITests;
			sourceTree = "<group>";
		};
/* End PBXGroup section */

/* Begin PBXNativeTarget section */
		F3DD908D1BFD28E700F3D4E4 /* LearnUp2 */ = {
			isa = PBXNativeTarget;
			buildConfigurationList = F3DD90B91BFD28E700F3D4E4 /* Build configuration list for PBXNativeTarget "LearnUp2" */;
			buildPhases = (
				F3DD908A1BFD28E700F3D4E4 /* Sources */,
				F3DD908B1BFD28E700F3D4E4 /* Frameworks */,
				F3DD908C1BFD28E700F3D4E4 /* Resources */,
			);
			buildRules = (
			);
			dependencies = (
			);
			name = LearnUp2;
			productName = LearnUp2;
			productReference = F3DD908E1BFD28E700F3D4E4 /* LearnUp2.app */;
			productType = "com.apple.product-type.application";
		};
		F3DD90A41BFD28E700F3D4E4 /* LearnUp2Tests */ = {
			isa = PBXNativeTarget;
			buildConfigurationList = F3DD90BC1BFD28E700F3D4E4 /* Build configuration list for PBXNativeTarget "LearnUp2Tests" */;
			buildPhases = (
				F3DD90A11BFD28E700F3D4E4 /* Sources */,
				F3DD90A21BFD28E700F3D4E4 /* Frameworks */,
				F3DD90A31BFD28E700F3D4E4 /* Resources */,
			);
			buildRules = (
			);
			dependencies = (
				F3DD90A71BFD28E700F3D4E4 /* PBXTargetDependency */,
			);
			name = LearnUp2Tests;
			productName = LearnUp2Tests;
			productReference = F3DD90A51BFD28E700F3D4E4 /* LearnUp2Tests.xctest */;
			productType = "com.apple.product-type.bundle.unit-test";
		};
		F3DD90AF1BFD28E700F3D4E4 /* LearnUp2UITests */ = {
			isa = PBXNativeTarget;
			buildConfigurationList = F3DD90BF1BFD28E700F3D4E4 /* Build configuration list for PBXNativeTarget "LearnUp2UITests" */;
			buildPhases = (
				F3DD90AC1BFD28E700F3D4E4 /* Sources */,
				F3DD90AD1BFD28E700F3D4E4 /* Frameworks */,
				F3DD90AE1BFD28E700F3D4E4 /* Resources */,
			);
			buildRules = (
			);
			dependencies = (
				F3DD90B21BFD28E700F3D4E4 /* PBXTargetDependency */,
			);
			name = LearnUp2UITests;
			productName = LearnUp2UITests;
			productReference = F3DD90B01BFD28E700F3D4E4 /* LearnUp2UITests.xctest */;
			productType = "com.apple.product-type.bundle.ui-testing";
		};
/* End PBXNativeTarget section */

/* Begin PBXProject section */
		F3DD90861BFD28E700F3D4E4 /* Project object */ = {
			isa = PBXProject;
			attributes = {
				LastSwiftUpdateCheck = 0710;
				LastUpgradeCheck = 0710;
				ORGANIZATIONNAME = "Nathaniel Shak";
				TargetAttributes = {
					F3DD908D1BFD28E700F3D4E4 = {
						CreatedOnToolsVersion = 7.1.1;
						DevelopmentTeam = E67CH76HJ4;
					};
					F3DD90A41BFD28E700F3D4E4 = {
						CreatedOnToolsVersion = 7.1.1;
						TestTargetID = F3DD908D1BFD28E700F3D4E4;
					};
					F3DD90AF1BFD28E700F3D4E4 = {
						CreatedOnToolsVersion = 7.1.1;
						TestTargetID = F3DD908D1BFD28E700F3D4E4;
					};
				};
			};
			buildConfigurationList = F3DD90891BFD28E700F3D4E4 /* Build configuration list for PBXProject "LearnUp2" */;
			compatibilityVersion = "Xcode 3.2";
			developmentRegion = English;
			hasScannedForEncodings = 0;
			knownRegions = (
				en,
				Base,
			);
			mainGroup = F3DD90851BFD28E700F3D4E4;
			productRefGroup = F3DD908F1BFD28E700F3D4E4 /* Products */;
			projectDirPath = "";
			projectRoot = "";
			targets = (
				F3DD908D1BFD28E700F3D4E4 /* LearnUp2 */,
				F3DD90A41BFD28E700F3D4E4 /* LearnUp2Tests */,
				F3DD90AF1BFD28E700F3D4E4 /* LearnUp2UITests */,
			);
		};
/* End PBXProject section */

/* Begin PBXResourcesBuildPhase section */
		F3DD908C1BFD28E700F3D4E4 /* Resources */ = {
			isa = PBXResourcesBuildPhase;
			buildActionMask = 2147483647;
			files = (
				F3DD90C71BFD4E0500F3D4E4 /* Earth.png in Resources */,
				F3DD909F1BFD28E700F3D4E4 /* LaunchScreen.storyboard in Resources */,
				F3DD90CD1BFD58F400F3D4E4 /* earthicon.png in Resources */,
				F3F9D8AE1C043E3600FBAFE2 /* settings.png in Resources */,
				F3DD90C31BFD4C0300F3D4E4 /* starry-sky-of-bretagne.jpg in Resources */,
				F3DD90DF1BFE9D6300F3D4E4 /* camera.png in Resources */,
				F3DD90E31BFEA4ED00F3D4E4 /* rocket.png in Resources */,
				F3DD90C91BFD4F5D00F3D4E4 /* Terra_globe_icon.png in Resources */,
				F3DD90CB1BFD567500F3D4E4 /* Picture1.png in Resources */,
				F3DD90D31BFDBD6C00F3D4E4 /* light-blue-circle-hi.png in Resources */,
				F3995E871C0D23F800CE7989 /* ActivityFeedCell.xib in Resources */,
				F3995E951C0D4F5F00CE7989 /* MyAssignedCell.xib in Resources */,
				F3DD909C1BFD28E700F3D4E4 /* Assets.xcassets in Resources */,
				F3DD90D51BFDBDF100F3D4E4 /* white-circle-md.png in Resources */,
				F3F9D8B01C043F7400FBAFE2 /* earthbutton.png in Resources */,
				F3DD90DB1BFDC65B00F3D4E4 /* _coins_stacks-256.png in Resources */,
				F3DD90CF1BFDB66D00F3D4E4 /* Beta_Team_Solar_System_Neptune.png in Resources */,
				F3DD90971BFD28E700F3D4E4 /* Main.storyboard in Resources */,
				F3DD90D91BFDC1CE00F3D4E4 /* planetsurface.png in Resources */,
				F3DD90C51BFD4DF800F3D4E4 /* FEZ-04-512.png in Resources */,
			);
			runOnlyForDeploymentPostprocessing = 0;
		};
		F3DD90A31BFD28E700F3D4E4 /* Resources */ = {
			isa = PBXResourcesBuildPhase;
			buildActionMask = 2147483647;
			files = (
			);
			runOnlyForDeploymentPostprocessing = 0;
		};
		F3DD90AE1BFD28E700F3D4E4 /* Resources */ = {
			isa = PBXResourcesBuildPhase;
			buildActionMask = 2147483647;
			files = (
			);
			runOnlyForDeploymentPostprocessing = 0;
		};
/* End PBXResourcesBuildPhase section */

/* Begin PBXSourcesBuildPhase section */
		F3DD908A1BFD28E700F3D4E4 /* Sources */ = {
			isa = PBXSourcesBuildPhase;
			buildActionMask = 2147483647;
			files = (
				F3DD90E51BFEA95400F3D4E4 /* HomeButton.swift in Sources */,
				F3DD90D11BFDBA2200F3D4E4 /* MyTasks.swift in Sources */,
				F3995E971C0D504700CE7989 /* AssignedTaskCell.swift in Sources */,
				F3995E891C0D243200CE7989 /* ActivityTableViewCell.swift in Sources */,
				F3DD909A1BFD28E700F3D4E4 /* LearnUp2.xcdatamodeld in Sources */,
				F3995E8F1C0D4D9000CE7989 /* MyAssignedView.swift in Sources */,
				F3995E911C0D4DC700CE7989 /* NewTasksView.swift in Sources */,
				F3995E8D1C0D4CFC00CE7989 /* TasksTabController.swift in Sources */,
				F3DD90E11BFEA3D700F3D4E4 /* RocketScreen.swift in Sources */,
				F3995E851C0D1E5800CE7989 /* TeacherHome.swift in Sources */,
				F3DD90941BFD28E700F3D4E4 /* ViewController.swift in Sources */,
				F3995E931C0D4DEC00CE7989 /* CreateView.swift in Sources */,
				F3F9D8B21C04563500FBAFE2 /* HomeScreen.swift in Sources */,
				F3DD90DD1BFDCCBF00F3D4E4 /* CompleteTask.swift in Sources */,
				F3DD90D71BFDBE6A00F3D4E4 /* TaskView.swift in Sources */,
				F3DD90921BFD28E700F3D4E4 /* AppDelegate.swift in Sources */,
				F3995E831C0D1C0200CE7989 /* LoginScreen.swift in Sources */,
			);
			runOnlyForDeploymentPostprocessing = 0;
		};
		F3DD90A11BFD28E700F3D4E4 /* Sources */ = {
			isa = PBXSourcesBuildPhase;
			buildActionMask = 2147483647;
			files = (
				F3DD90AA1BFD28E700F3D4E4 /* LearnUp2Tests.swift in Sources */,
			);
			runOnlyForDeploymentPostprocessing = 0;
		};
		F3DD90AC1BFD28E700F3D4E4 /* Sources */ = {
			isa = PBXSourcesBuildPhase;
			buildActionMask = 2147483647;
			files = (
				F3DD90B51BFD28E700F3D4E4 /* LearnUp2UITests.swift in Sources */,
			);
			runOnlyForDeploymentPostprocessing = 0;
		};
/* End PBXSourcesBuildPhase section */

/* Begin PBXTargetDependency section */
		F3DD90A71BFD28E700F3D4E4 /* PBXTargetDependency */ = {
			isa = PBXTargetDependency;
			target = F3DD908D1BFD28E700F3D4E4 /* LearnUp2 */;
			targetProxy = F3DD90A61BFD28E700F3D4E4 /* PBXContainerItemProxy */;
		};
		F3DD90B21BFD28E700F3D4E4 /* PBXTargetDependency */ = {
			isa = PBXTargetDependency;
			target = F3DD908D1BFD28E700F3D4E4 /* LearnUp2 */;
			targetProxy = F3DD90B11BFD28E700F3D4E4 /* PBXContainerItemProxy */;
		};
/* End PBXTargetDependency section */

/* Begin PBXVariantGroup section */
		F3DD90951BFD28E700F3D4E4 /* Main.storyboard */ = {
			isa = PBXVariantGroup;
			children = (
				F3DD90961BFD28E700F3D4E4 /* Base */,
			);
			name = Main.storyboard;
			sourceTree = "<group>";
		};
		F3DD909D1BFD28E700F3D4E4 /* LaunchScreen.storyboard */ = {
			isa = PBXVariantGroup;
			children = (
				F3DD909E1BFD28E700F3D4E4 /* Base */,
			);
			name = LaunchScreen.storyboard;
			sourceTree = "<group>";
		};
/* End PBXVariantGroup section */

/* Begin XCBuildConfiguration section */
		F3DD90B71BFD28E700F3D4E4 /* Debug */ = {
			isa = XCBuildConfiguration;
			buildSettings = {
				ALWAYS_SEARCH_USER_PATHS = NO;
				CLANG_CXX_LANGUAGE_STANDARD = "gnu++0x";
				CLANG_CXX_LIBRARY = "libc++";
				CLANG_ENABLE_MODULES = YES;
				CLANG_ENABLE_OBJC_ARC = YES;
				CLANG_WARN_BOOL_CONVERSION = YES;
				CLANG_WARN_CONSTANT_CONVERSION = YES;
				CLANG_WARN_DIRECT_OBJC_ISA_USAGE = YES_ERROR;
				CLANG_WARN_EMPTY_BODY = YES;
				CLANG_WARN_ENUM_CONVERSION = YES;
				CLANG_WARN_INT_CONVERSION = YES;
				CLANG_WARN_OBJC_ROOT_CLASS = YES_ERROR;
				CLANG_WARN_UNREACHABLE_CODE = YES;
				CLANG_WARN__DUPLICATE_METHOD_MATCH = YES;
				"CODE_SIGN_IDENTITY[sdk=iphoneos*]" = "iPhone Developer";
				COPY_PHASE_STRIP = NO;
				DEBUG_INFORMATION_FORMAT = dwarf;
				ENABLE_STRICT_OBJC_MSGSEND = YES;
				ENABLE_TESTABILITY = YES;
				GCC_C_LANGUAGE_STANDARD = gnu99;
				GCC_DYNAMIC_NO_PIC = NO;
				GCC_NO_COMMON_BLOCKS = YES;
				GCC_OPTIMIZATION_LEVEL = 0;
				GCC_PREPROCESSOR_DEFINITIONS = (
					"DEBUG=1",
					"$(inherited)",
				);
				GCC_WARN_64_TO_32_BIT_CONVERSION = YES;
				GCC_WARN_ABOUT_RETURN_TYPE = YES_ERROR;
				GCC_WARN_UNDECLARED_SELECTOR = YES;
				GCC_WARN_UNINITIALIZED_AUTOS = YES_AGGRESSIVE;
				GCC_WARN_UNUSED_FUNCTION = YES;
				GCC_WARN_UNUSED_VARIABLE = YES;
				IPHONEOS_DEPLOYMENT_TARGET = 9.1;
				MTL_ENABLE_DEBUG_INFO = YES;
				ONLY_ACTIVE_ARCH = YES;
				SDKROOT = iphoneos;
				SWIFT_OPTIMIZATION_LEVEL = "-Onone";
			};
			name = Debug;
		};
		F3DD90B81BFD28E700F3D4E4 /* Release */ = {
			isa = XCBuildConfiguration;
			buildSettings = {
				ALWAYS_SEARCH_USER_PATHS = NO;
				CLANG_CXX_LANGUAGE_STANDARD = "gnu++0x";
				CLANG_CXX_LIBRARY = "libc++";
				CLANG_ENABLE_MODULES = YES;
				CLANG_ENABLE_OBJC_ARC = YES;
				CLANG_WARN_BOOL_CONVERSION = YES;
				CLANG_WARN_CONSTANT_CONVERSION = YES;
				CLANG_WARN_DIRECT_OBJC_ISA_USAGE = YES_ERROR;
				CLANG_WARN_EMPTY_BODY = YES;
				CLANG_WARN_ENUM_CONVERSION = YES;
				CLANG_WARN_INT_CONVERSION = YES;
				CLANG_WARN_OBJC_ROOT_CLASS = YES_ERROR;
				CLANG_WARN_UNREACHABLE_CODE = YES;
				CLANG_WARN__DUPLICATE_METHOD_MATCH = YES;
				"CODE_SIGN_IDENTITY[sdk=iphoneos*]" = "iPhone Developer";
				COPY_PHASE_STRIP = NO;
				DEBUG_INFORMATION_FORMAT = "dwarf-with-dsym";
				ENABLE_NS_ASSERTIONS = NO;
				ENABLE_STRICT_OBJC_MSGSEND = YES;
				GCC_C_LANGUAGE_STANDARD = gnu99;
				GCC_NO_COMMON_BLOCKS = YES;
				GCC_WARN_64_TO_32_BIT_CONVERSION = YES;
				GCC_WARN_ABOUT_RETURN_TYPE = YES_ERROR;
				GCC_WARN_UNDECLARED_SELECTOR = YES;
				GCC_WARN_UNINITIALIZED_AUTOS = YES_AGGRESSIVE;
				GCC_WARN_UNUSED_FUNCTION = YES;
				GCC_WARN_UNUSED_VARIABLE = YES;
				IPHONEOS_DEPLOYMENT_TARGET = 9.1;
				MTL_ENABLE_DEBUG_INFO = NO;
				SDKROOT = iphoneos;
				VALIDATE_PRODUCT = YES;
			};
			name = Release;
		};
		F3DD90BA1BFD28E700F3D4E4 /* Debug */ = {
			isa = XCBuildConfiguration;
			buildSettings = {
				ASSETCATALOG_COMPILER_APPICON_NAME = AppIcon;
				CODE_SIGN_IDENTITY = "iPhone Developer";
				"CODE_SIGN_IDENTITY[sdk=iphoneos*]" = "iPhone Developer";
				INFOPLIST_FILE = LearnUp2/Info.plist;
				LD_RUNPATH_SEARCH_PATHS = "$(inherited) @executable_path/Frameworks";
				PRODUCT_BUNDLE_IDENTIFIER = com.nathaniel.LearnUp2;
				PRODUCT_NAME = "$(TARGET_NAME)";
				PROVISIONING_PROFILE = "";
			};
			name = Debug;
		};
		F3DD90BB1BFD28E700F3D4E4 /* Release */ = {
			isa = XCBuildConfiguration;
			buildSettings = {
				ASSETCATALOG_COMPILER_APPICON_NAME = AppIcon;
				CODE_SIGN_IDENTITY = "iPhone Developer";
				"CODE_SIGN_IDENTITY[sdk=iphoneos*]" = "iPhone Developer";
				INFOPLIST_FILE = LearnUp2/Info.plist;
				LD_RUNPATH_SEARCH_PATHS = "$(inherited) @executable_path/Frameworks";
				PRODUCT_BUNDLE_IDENTIFIER = com.nathaniel.LearnUp2;
				PRODUCT_NAME = "$(TARGET_NAME)";
				PROVISIONING_PROFILE = "";
			};
			name = Release;
		};
		F3DD90BD1BFD28E700F3D4E4 /* Debug */ = {
			isa = XCBuildConfiguration;
			buildSettings = {
				BUNDLE_LOADER = "$(TEST_HOST)";
				INFOPLIST_FILE = LearnUp2Tests/Info.plist;
				LD_RUNPATH_SEARCH_PATHS = "$(inherited) @executable_path/Frameworks @loader_path/Frameworks";
				PRODUCT_BUNDLE_IDENTIFIER = com.nathaniel.LearnUp2Tests;
				PRODUCT_NAME = "$(TARGET_NAME)";
				TEST_HOST = "$(BUILT_PRODUCTS_DIR)/LearnUp2.app/LearnUp2";
			};
			name = Debug;
		};
		F3DD90BE1BFD28E700F3D4E4 /* Release */ = {
			isa = XCBuildConfiguration;
			buildSettings = {
				BUNDLE_LOADER = "$(TEST_HOST)";
				INFOPLIST_FILE = LearnUp2Tests/Info.plist;
				LD_RUNPATH_SEARCH_PATHS = "$(inherited) @executable_path/Frameworks @loader_path/Frameworks";
				PRODUCT_BUNDLE_IDENTIFIER = com.nathaniel.LearnUp2Tests;
				PRODUCT_NAME = "$(TARGET_NAME)";
				TEST_HOST = "$(BUILT_PRODUCTS_DIR)/LearnUp2.app/LearnUp2";
			};
			name = Release;
		};
		F3DD90C01BFD28E700F3D4E4 /* Debug */ = {
			isa = XCBuildConfiguration;
			buildSettings = {
				INFOPLIST_FILE = LearnUp2UITests/Info.plist;
				LD_RUNPATH_SEARCH_PATHS = "$(inherited) @executable_path/Frameworks @loader_path/Frameworks";
				PRODUCT_BUNDLE_IDENTIFIER = com.nathaniel.LearnUp2UITests;
				PRODUCT_NAME = "$(TARGET_NAME)";
				TEST_TARGET_NAME = LearnUp2;
				USES_XCTRUNNER = YES;
			};
			name = Debug;
		};
		F3DD90C11BFD28E700F3D4E4 /* Release */ = {
			isa = XCBuildConfiguration;
			buildSettings = {
				INFOPLIST_FILE = LearnUp2UITests/Info.plist;
				LD_RUNPATH_SEARCH_PATHS = "$(inherited) @executable_path/Frameworks @loader_path/Frameworks";
				PRODUCT_BUNDLE_IDENTIFIER = com.nathaniel.LearnUp2UITests;
				PRODUCT_NAME = "$(TARGET_NAME)";
				TEST_TARGET_NAME = LearnUp2;
				USES_XCTRUNNER = YES;
			};
			name = Release;
		};
/* End XCBuildConfiguration section */

/* Begin XCConfigurationList section */
		F3DD90891BFD28E700F3D4E4 /* Build configuration list for PBXProject "LearnUp2" */ = {
			isa = XCConfigurationList;
			buildConfigurations = (
				F3DD90B71BFD28E700F3D4E4 /* Debug */,
				F3DD90B81BFD28E700F3D4E4 /* Release */,
			);
			defaultConfigurationIsVisible = 0;
			defaultConfigurationName = Release;
		};
		F3DD90B91BFD28E700F3D4E4 /* Build configuration list for PBXNativeTarget "LearnUp2" */ = {
			isa = XCConfigurationList;
			buildConfigurations = (
				F3DD90BA1BFD28E700F3D4E4 /* Debug */,
				F3DD90BB1BFD28E700F3D4E4 /* Release */,
			);
			defaultConfigurationIsVisible = 0;
			defaultConfigurationName = Release;
		};
		F3DD90BC1BFD28E700F3D4E4 /* Build configuration list for PBXNativeTarget "LearnUp2Tests" */ = {
			isa = XCConfigurationList;
			buildConfigurations = (
				F3DD90BD1BFD28E700F3D4E4 /* Debug */,
				F3DD90BE1BFD28E700F3D4E4 /* Release */,
			);
			defaultConfigurationIsVisible = 0;
			defaultConfigurationName = Release;
		};
		F3DD90BF1BFD28E700F3D4E4 /* Build configuration list for PBXNativeTarget "LearnUp2UITests" */ = {
			isa = XCConfigurationList;
			buildConfigurations = (
				F3DD90C01BFD28E700F3D4E4 /* Debug */,
				F3DD90C11BFD28E700F3D4E4 /* Release */,
			);
			defaultConfigurationIsVisible = 0;
			defaultConfigurationName = Release;
		};
/* End XCConfigurationList section */

/* Begin XCVersionGroup section */
		F3DD90981BFD28E700F3D4E4 /* LearnUp2.xcdatamodeld */ = {
			isa = XCVersionGroup;
			children = (
				F3DD90991BFD28E700F3D4E4 /* LearnUp2.xcdatamodel */,
			);
			currentVersion = F3DD90991BFD28E700F3D4E4 /* LearnUp2.xcdatamodel */;
			path = LearnUp2.xcdatamodeld;
			sourceTree = "<group>";
			versionGroupType = wrapper.xcdatamodel;
		};
/* End XCVersionGroup section */
	};
	rootObject = F3DD90861BFD28E700F3D4E4 /* Project object */;
}
